
Microsoft Visual Studio Solution File, Format Version 12.00
# Visual Studio Version 17
VisualStudioVersion = 17.0.31903.59
MinimumVisualStudioVersion = 10.0.40219.1
Project("{FAE04EC0-301F-11D3-BF4B-00C04F79EFBC}") = "IAsyncEnumerableDemo", "IAsyncEnumerableDemo\IAsyncEnumerableDemo.csproj", "{3ACAC7BF-E27D-4383-ABB5-106B3C3D146D}"
EndProject
Global
	GlobalSection(SolutionConfigurationPlatforms) = preSolution
		Debug|Any CPU = Debug|Any CPU
		Release|Any CPU = Release|Any CPU
	EndGlobalSection
	GlobalSection(SolutionProperties) = preSolution
		HideSolutionNode = FALSE
	EndGlobalSection
	GlobalSection(ProjectConfigurationPlatforms) = postSolution
		{3ACAC7BF-E27D-4383-ABB5-106B3C3D146D}.Debug|Any CPU.ActiveCfg = Debug|Any CPU
		{3ACAC7BF-E27D-4383-ABB5-106B3C3D146D}.Debug|Any CPU.Build.0 = Debug|Any CPU
		{3ACAC7BF-E27D-4383-ABB5-106B3C3D146D}.Release|Any CPU.ActiveCfg = Release|Any CPU
		{3ACAC7BF-E27D-4383-ABB5-106B3C3D146D}.Release|Any CPU.Build.0 = Release|Any CPU
	EndGlobalSection
EndGlobal
